{
    "version": 3,
    "terraform_version": "0.11.7",
    "serial": 10,
    "lineage": "2539b648-6036-75d1-fefe-d8275bd3a1a8",
    "modules": [
        {
            "path": [
                "root"
            ],
            "outputs": {},
            "resources": {
                "google_compute_firewall.allow_k8s_master": {
                    "type": "google_compute_firewall",
                    "depends_on": [],
                    "primary": {
                        "id": "allow-k8s-master",
                        "attributes": {
                            "allow.#": "2",
                            "allow.1367131964.ports.#": "0",
                            "allow.1367131964.protocol": "icmp",
                            "allow.2173088053.ports.#": "1",
                            "allow.2173088053.ports.0": "6443",
                            "allow.2173088053.protocol": "tcp",
                            "deny.#": "0",
                            "description": "",
                            "destination_ranges.#": "0",
                            "direction": "INGRESS",
                            "id": "allow-k8s-master",
                            "name": "allow-k8s-master",
                            "network": "https://www.googleapis.com/compute/v1/projects/mohamed-194111/global/networks/default",
                            "priority": "1000",
                            "project": "mohamed-194111",
                            "self_link": "https://www.googleapis.com/compute/v1/projects/mohamed-194111/global/firewalls/allow-k8s-master",
                            "source_ranges.#": "0",
                            "source_service_accounts.#": "0",
                            "source_tags.#": "1",
                            "source_tags.3611503554": "node-k8s",
                            "target_service_accounts.#": "0",
                            "target_tags.#": "1",
                            "target_tags.2769416707": "master-k8s"
                        },
                        "meta": {
                            "schema_version": "1"
                        },
                        "tainted": false
                    },
                    "deposed": [],
                    "provider": "provider.google"
                },
                "google_compute_instance.master1": {
                    "type": "google_compute_instance",
                    "depends_on": [],
                    "primary": {
                        "id": "master1",
                        "attributes": {
                            "attached_disk.#": "0",
                            "boot_disk.#": "1",
                            "boot_disk.0.auto_delete": "true",
                            "boot_disk.0.device_name": "persistent-disk-0",
                            "boot_disk.0.disk_encryption_key_raw": "",
                            "boot_disk.0.disk_encryption_key_sha256": "",
                            "boot_disk.0.initialize_params.#": "1",
                            "boot_disk.0.initialize_params.0.image": "https://www.googleapis.com/compute/v1/projects/ubuntu-os-cloud/global/images/ubuntu-1604-xenial-v20170328",
                            "boot_disk.0.initialize_params.0.size": "10",
                            "boot_disk.0.initialize_params.0.type": "pd-standard",
                            "boot_disk.0.source": "https://www.googleapis.com/compute/v1/projects/mohamed-194111/zones/europe-west1-d/disks/master1",
                            "can_ip_forward": "false",
                            "cpu_platform": "Intel Skylake",
                            "create_timeout": "4",
                            "deletion_protection": "false",
                            "guest_accelerator.#": "0",
                            "id": "master1",
                            "instance_id": "5492836979906790973",
                            "label_fingerprint": "42WmSpB8rSM=",
                            "machine_type": "n1-standard-1",
                            "metadata.%": "1",
                            "metadata.sshKeys": "ansible:ssh-rsa AAAAB3NzaC1yc2EAAAADAQABAAABAQDayOcbdwGg+toNns4SnTBz44r7zOU/pBrhQ6fNoZHheg6BnH7JUTYmrZiAC7DVXhMP+H9t7UihzDGWUMzmi2ulY2mcO8yld6AfvD9vBj9cJANxRsqnb0qpv0tEjQJxCmPynrdU4LI+48eoklQqBKMosH9WvnKhGDPfvwrM8nX9KUrE8vbh+4RjUNsFQw1witFGz4o+Ne/FNyaX55RrFGmLqXCEO5Tn5yuQfZHz+hBK5mCut06NWvefVTlyd/HDJFiSMnYy8Ox8BPihMkeb9MrJLYiI9YAwlwYhiYmzNz6UtcrOKFPlYyMefd/LoZYNwRADb8hxhvlbPRYtZPiut2V/ root@k8s\n",
                            "metadata_fingerprint": "dUxUflIFRbE=",
                            "metadata_startup_script": "",
                            "min_cpu_platform": "",
                            "name": "master1",
                            "network_interface.#": "1",
                            "network_interface.0.access_config.#": "1",
                            "network_interface.0.access_config.0.assigned_nat_ip": "35.195.166.182",
                            "network_interface.0.access_config.0.nat_ip": "35.195.166.182",
                            "network_interface.0.address": "10.132.0.2",
                            "network_interface.0.alias_ip_range.#": "0",
                            "network_interface.0.name": "nic0",
                            "network_interface.0.network": "https://www.googleapis.com/compute/v1/projects/mohamed-194111/global/networks/default",
                            "network_interface.0.network_ip": "10.132.0.2",
                            "network_interface.0.subnetwork": "https://www.googleapis.com/compute/v1/projects/mohamed-194111/regions/europe-west1/subnetworks/default",
                            "network_interface.0.subnetwork_project": "mohamed-194111",
                            "project": "mohamed-194111",
                            "scheduling.#": "1",
                            "scheduling.0.automatic_restart": "true",
                            "scheduling.0.on_host_maintenance": "MIGRATE",
                            "scheduling.0.preemptible": "false",
                            "scratch_disk.#": "0",
                            "self_link": "https://www.googleapis.com/compute/v1/projects/mohamed-194111/zones/europe-west1-d/instances/master1",
                            "service_account.#": "0",
                            "tags.#": "2",
                            "tags.1717496356": "nw-tag",
                            "tags.2769416707": "master-k8s",
                            "tags_fingerprint": "cLOLMlZrNzY=",
                            "zone": "europe-west1-d"
                        },
                        "meta": {
                            "e2bfb730-ecaa-11e6-8f88-34363bc7c4c0": {
                                "create": 360000000000,
                                "delete": 360000000000,
                                "update": 360000000000
                            },
                            "schema_version": "6"
                        },
                        "tainted": false
                    },
                    "deposed": [],
                    "provider": "provider.google"
                },
                "google_compute_instance.node.0": {
                    "type": "google_compute_instance",
                    "depends_on": [],
                    "primary": {
                        "id": "node1",
                        "attributes": {
                            "attached_disk.#": "0",
                            "boot_disk.#": "1",
                            "boot_disk.0.auto_delete": "true",
                            "boot_disk.0.device_name": "persistent-disk-0",
                            "boot_disk.0.disk_encryption_key_raw": "",
                            "boot_disk.0.disk_encryption_key_sha256": "",
                            "boot_disk.0.initialize_params.#": "1",
                            "boot_disk.0.initialize_params.0.image": "https://www.googleapis.com/compute/v1/projects/ubuntu-os-cloud/global/images/ubuntu-1604-xenial-v20170328",
                            "boot_disk.0.initialize_params.0.size": "10",
                            "boot_disk.0.initialize_params.0.type": "pd-standard",
                            "boot_disk.0.source": "https://www.googleapis.com/compute/v1/projects/mohamed-194111/zones/europe-west1-d/disks/node1",
                            "can_ip_forward": "false",
                            "cpu_platform": "Intel Skylake",
                            "create_timeout": "4",
                            "deletion_protection": "false",
                            "guest_accelerator.#": "0",
                            "id": "node1",
                            "instance_id": "6165873696813172284",
                            "label_fingerprint": "42WmSpB8rSM=",
                            "machine_type": "f1-micro",
                            "metadata.%": "1",
                            "metadata.sshKeys": "ansible:ssh-rsa AAAAB3NzaC1yc2EAAAADAQABAAABAQDayOcbdwGg+toNns4SnTBz44r7zOU/pBrhQ6fNoZHheg6BnH7JUTYmrZiAC7DVXhMP+H9t7UihzDGWUMzmi2ulY2mcO8yld6AfvD9vBj9cJANxRsqnb0qpv0tEjQJxCmPynrdU4LI+48eoklQqBKMosH9WvnKhGDPfvwrM8nX9KUrE8vbh+4RjUNsFQw1witFGz4o+Ne/FNyaX55RrFGmLqXCEO5Tn5yuQfZHz+hBK5mCut06NWvefVTlyd/HDJFiSMnYy8Ox8BPihMkeb9MrJLYiI9YAwlwYhiYmzNz6UtcrOKFPlYyMefd/LoZYNwRADb8hxhvlbPRYtZPiut2V/ root@k8s\n",
                            "metadata_fingerprint": "dUxUflIFRbE=",
                            "metadata_startup_script": "",
                            "min_cpu_platform": "",
                            "name": "node1",
                            "network_interface.#": "1",
                            "network_interface.0.access_config.#": "1",
                            "network_interface.0.access_config.0.assigned_nat_ip": "35.195.51.139",
                            "network_interface.0.access_config.0.nat_ip": "35.195.51.139",
                            "network_interface.0.address": "10.132.0.4",
                            "network_interface.0.alias_ip_range.#": "0",
                            "network_interface.0.name": "nic0",
                            "network_interface.0.network": "https://www.googleapis.com/compute/v1/projects/mohamed-194111/global/networks/default",
                            "network_interface.0.network_ip": "10.132.0.4",
                            "network_interface.0.subnetwork": "https://www.googleapis.com/compute/v1/projects/mohamed-194111/regions/europe-west1/subnetworks/default",
                            "network_interface.0.subnetwork_project": "mohamed-194111",
                            "project": "mohamed-194111",
                            "scheduling.#": "1",
                            "scheduling.0.automatic_restart": "true",
                            "scheduling.0.on_host_maintenance": "MIGRATE",
                            "scheduling.0.preemptible": "false",
                            "scratch_disk.#": "0",
                            "self_link": "https://www.googleapis.com/compute/v1/projects/mohamed-194111/zones/europe-west1-d/instances/node1",
                            "service_account.#": "0",
                            "tags.#": "2",
                            "tags.1717496356": "nw-tag",
                            "tags.3611503554": "node-k8s",
                            "tags_fingerprint": "vP9k1FVnPgk=",
                            "zone": "europe-west1-d"
                        },
                        "meta": {
                            "e2bfb730-ecaa-11e6-8f88-34363bc7c4c0": {
                                "create": 360000000000,
                                "delete": 360000000000,
                                "update": 360000000000
                            },
                            "schema_version": "6"
                        },
                        "tainted": false
                    },
                    "deposed": [],
                    "provider": "provider.google"
                },
                "google_compute_instance.node.1": {
                    "type": "google_compute_instance",
                    "depends_on": [],
                    "primary": {
                        "id": "node2",
                        "attributes": {
                            "attached_disk.#": "0",
                            "boot_disk.#": "1",
                            "boot_disk.0.auto_delete": "true",
                            "boot_disk.0.device_name": "persistent-disk-0",
                            "boot_disk.0.disk_encryption_key_raw": "",
                            "boot_disk.0.disk_encryption_key_sha256": "",
                            "boot_disk.0.initialize_params.#": "1",
                            "boot_disk.0.initialize_params.0.image": "https://www.googleapis.com/compute/v1/projects/ubuntu-os-cloud/global/images/ubuntu-1604-xenial-v20170328",
                            "boot_disk.0.initialize_params.0.size": "10",
                            "boot_disk.0.initialize_params.0.type": "pd-standard",
                            "boot_disk.0.source": "https://www.googleapis.com/compute/v1/projects/mohamed-194111/zones/europe-west1-d/disks/node2",
                            "can_ip_forward": "false",
                            "cpu_platform": "Intel Skylake",
                            "create_timeout": "4",
                            "deletion_protection": "false",
                            "guest_accelerator.#": "0",
                            "id": "node2",
                            "instance_id": "2438124812992333373",
                            "label_fingerprint": "42WmSpB8rSM=",
                            "machine_type": "f1-micro",
                            "metadata.%": "1",
                            "metadata.sshKeys": "ansible:ssh-rsa AAAAB3NzaC1yc2EAAAADAQABAAABAQDayOcbdwGg+toNns4SnTBz44r7zOU/pBrhQ6fNoZHheg6BnH7JUTYmrZiAC7DVXhMP+H9t7UihzDGWUMzmi2ulY2mcO8yld6AfvD9vBj9cJANxRsqnb0qpv0tEjQJxCmPynrdU4LI+48eoklQqBKMosH9WvnKhGDPfvwrM8nX9KUrE8vbh+4RjUNsFQw1witFGz4o+Ne/FNyaX55RrFGmLqXCEO5Tn5yuQfZHz+hBK5mCut06NWvefVTlyd/HDJFiSMnYy8Ox8BPihMkeb9MrJLYiI9YAwlwYhiYmzNz6UtcrOKFPlYyMefd/LoZYNwRADb8hxhvlbPRYtZPiut2V/ root@k8s\n",
                            "metadata_fingerprint": "dUxUflIFRbE=",
                            "metadata_startup_script": "",
                            "min_cpu_platform": "",
                            "name": "node2",
                            "network_interface.#": "1",
                            "network_interface.0.access_config.#": "1",
                            "network_interface.0.access_config.0.assigned_nat_ip": "35.190.223.29",
                            "network_interface.0.access_config.0.nat_ip": "35.190.223.29",
                            "network_interface.0.address": "10.132.0.3",
                            "network_interface.0.alias_ip_range.#": "0",
                            "network_interface.0.name": "nic0",
                            "network_interface.0.network": "https://www.googleapis.com/compute/v1/projects/mohamed-194111/global/networks/default",
                            "network_interface.0.network_ip": "10.132.0.3",
                            "network_interface.0.subnetwork": "https://www.googleapis.com/compute/v1/projects/mohamed-194111/regions/europe-west1/subnetworks/default",
                            "network_interface.0.subnetwork_project": "mohamed-194111",
                            "project": "mohamed-194111",
                            "scheduling.#": "1",
                            "scheduling.0.automatic_restart": "true",
                            "scheduling.0.on_host_maintenance": "MIGRATE",
                            "scheduling.0.preemptible": "false",
                            "scratch_disk.#": "0",
                            "self_link": "https://www.googleapis.com/compute/v1/projects/mohamed-194111/zones/europe-west1-d/instances/node2",
                            "service_account.#": "0",
                            "tags.#": "2",
                            "tags.1717496356": "nw-tag",
                            "tags.3611503554": "node-k8s",
                            "tags_fingerprint": "vP9k1FVnPgk=",
                            "zone": "europe-west1-d"
                        },
                        "meta": {
                            "e2bfb730-ecaa-11e6-8f88-34363bc7c4c0": {
                                "create": 360000000000,
                                "delete": 360000000000,
                                "update": 360000000000
                            },
                            "schema_version": "6"
                        },
                        "tainted": false
                    },
                    "deposed": [],
                    "provider": "provider.google"
                }
            },
            "depends_on": []
        }
    ]
}
